
Microsoft Visual Studio Solution File, Format Version 12.00
# Visual Studio 2012
Project("{FAE04EC0-301F-11D3-BF4B-00C04F79EFBC}") = "Submail", "Submail\Submail.csproj", "{3D61361E-D61D-49A1-94F8-7A019F81DECA}"
EndProject
Project("{2150E333-8FDC-42A3-9474-1A3956D46DE8}") = "Application", "Application", "{F679E7BC-4492-4F10-A123-F2740F4EAC2B}"
EndProject
Project("{2150E333-8FDC-42A3-9474-1A3956D46DE8}") = "Domain", "Domain", "{CAB6A6E6-815C-4609-96EC-23FEC8A48B4C}"
EndProject
Project("{2150E333-8FDC-42A3-9474-1A3956D46DE8}") = "Infrastructure", "Infrastructure", "{8FBC57D5-123E-409A-91AB-10A0FDAD1E08}"
EndProject
Project("{FAE04EC0-301F-11D3-BF4B-00C04F79EFBC}") = "SmoONE.Application", "SmoONE.Application\SmoONE.Application.csproj", "{A212CAD1-9F7A-4CE5-A9CB-123C506F2FB3}"
EndProject
Project("{FAE04EC0-301F-11D3-BF4B-00C04F79EFBC}") = "SmoONE.DTOs", "SmoONE.DTOs\SmoONE.DTOs.csproj", "{90658630-BAAF-4B33-8189-D6B6DE86A974}"
EndProject
Project("{FAE04EC0-301F-11D3-BF4B-00C04F79EFBC}") = "SmoONE.Domain", "SmoONE.Domain\SmoONE.Domain.csproj", "{7FAD9BB7-8154-402C-9826-95CDF53BB770}"
EndProject
Project("{FAE04EC0-301F-11D3-BF4B-00C04F79EFBC}") = "SmoONE.CommLib", "SmoONE.CommLib\SmoONE.CommLib.csproj", "{499AEE7D-C755-4857-ACB9-E9CAACBFEF44}"
EndProject
Project("{FAE04EC0-301F-11D3-BF4B-00C04F79EFBC}") = "SmoONE.Infrastructure", "SmoONE.Infrastructure\SmoONE.Infrastructure.csproj", "{D2858059-4F8B-44D8-8915-843B6F61E962}"
EndProject
Project("{FAE04EC0-301F-11D3-BF4B-00C04F79EFBC}") = "SmoONE.Repository", "SmoONE.Repository\SmoONE.Repository.csproj", "{8A3E419F-DCC3-47A3-AB4E-6908BB4DA896}"
EndProject
Project("{FAE04EC0-301F-11D3-BF4B-00C04F79EFBC}") = "SmoONE.UI", "SmoONE.UI\SmoONE.UI.csproj", "{686D5B4A-5650-4784-ABA8-0ED62F9BE269}"
EndProject
Global
	GlobalSection(SolutionConfigurationPlatforms) = preSolution
		Debug|Any CPU = Debug|Any CPU
		Release|Any CPU = Release|Any CPU
	EndGlobalSection
	GlobalSection(ProjectConfigurationPlatforms) = postSolution
		{3D61361E-D61D-49A1-94F8-7A019F81DECA}.Debug|Any CPU.ActiveCfg = Debug|Any CPU
		{3D61361E-D61D-49A1-94F8-7A019F81DECA}.Debug|Any CPU.Build.0 = Debug|Any CPU
		{3D61361E-D61D-49A1-94F8-7A019F81DECA}.Release|Any CPU.ActiveCfg = Release|Any CPU
		{3D61361E-D61D-49A1-94F8-7A019F81DECA}.Release|Any CPU.Build.0 = Release|Any CPU
		{A212CAD1-9F7A-4CE5-A9CB-123C506F2FB3}.Debug|Any CPU.ActiveCfg = Debug|Any CPU
		{A212CAD1-9F7A-4CE5-A9CB-123C506F2FB3}.Debug|Any CPU.Build.0 = Debug|Any CPU
		{A212CAD1-9F7A-4CE5-A9CB-123C506F2FB3}.Release|Any CPU.ActiveCfg = Release|Any CPU
		{A212CAD1-9F7A-4CE5-A9CB-123C506F2FB3}.Release|Any CPU.Build.0 = Release|Any CPU
		{90658630-BAAF-4B33-8189-D6B6DE86A974}.Debug|Any CPU.ActiveCfg = Debug|Any CPU
		{90658630-BAAF-4B33-8189-D6B6DE86A974}.Debug|Any CPU.Build.0 = Debug|Any CPU
		{90658630-BAAF-4B33-8189-D6B6DE86A974}.Release|Any CPU.ActiveCfg = Release|Any CPU
		{90658630-BAAF-4B33-8189-D6B6DE86A974}.Release|Any CPU.Build.0 = Release|Any CPU
		{7FAD9BB7-8154-402C-9826-95CDF53BB770}.Debug|Any CPU.ActiveCfg = Debug|Any CPU
		{7FAD9BB7-8154-402C-9826-95CDF53BB770}.Debug|Any CPU.Build.0 = Debug|Any CPU
		{7FAD9BB7-8154-402C-9826-95CDF53BB770}.Release|Any CPU.ActiveCfg = Release|Any CPU
		{7FAD9BB7-8154-402C-9826-95CDF53BB770}.Release|Any CPU.Build.0 = Release|Any CPU
		{499AEE7D-C755-4857-ACB9-E9CAACBFEF44}.Debug|Any CPU.ActiveCfg = Debug|Any CPU
		{499AEE7D-C755-4857-ACB9-E9CAACBFEF44}.Debug|Any CPU.Build.0 = Debug|Any CPU
		{499AEE7D-C755-4857-ACB9-E9CAACBFEF44}.Release|Any CPU.ActiveCfg = Release|Any CPU
		{499AEE7D-C755-4857-ACB9-E9CAACBFEF44}.Release|Any CPU.Build.0 = Release|Any CPU
		{D2858059-4F8B-44D8-8915-843B6F61E962}.Debug|Any CPU.ActiveCfg = Debug|Any CPU
		{D2858059-4F8B-44D8-8915-843B6F61E962}.Debug|Any CPU.Build.0 = Debug|Any CPU
		{D2858059-4F8B-44D8-8915-843B6F61E962}.Release|Any CPU.ActiveCfg = Release|Any CPU
		{D2858059-4F8B-44D8-8915-843B6F61E962}.Release|Any CPU.Build.0 = Release|Any CPU
		{8A3E419F-DCC3-47A3-AB4E-6908BB4DA896}.Debug|Any CPU.ActiveCfg = Debug|Any CPU
		{8A3E419F-DCC3-47A3-AB4E-6908BB4DA896}.Debug|Any CPU.Build.0 = Debug|Any CPU
		{8A3E419F-DCC3-47A3-AB4E-6908BB4DA896}.Release|Any CPU.ActiveCfg = Release|Any CPU
		{8A3E419F-DCC3-47A3-AB4E-6908BB4DA896}.Release|Any CPU.Build.0 = Release|Any CPU
		{686D5B4A-5650-4784-ABA8-0ED62F9BE269}.Debug|Any CPU.ActiveCfg = Debug|Any CPU
		{686D5B4A-5650-4784-ABA8-0ED62F9BE269}.Debug|Any CPU.Build.0 = Debug|Any CPU
		{686D5B4A-5650-4784-ABA8-0ED62F9BE269}.Release|Any CPU.ActiveCfg = Release|Any CPU
		{686D5B4A-5650-4784-ABA8-0ED62F9BE269}.Release|Any CPU.Build.0 = Release|Any CPU
	EndGlobalSection
	GlobalSection(SolutionProperties) = preSolution
		HideSolutionNode = FALSE
	EndGlobalSection
	GlobalSection(NestedProjects) = preSolution
		{3D61361E-D61D-49A1-94F8-7A019F81DECA} = {8FBC57D5-123E-409A-91AB-10A0FDAD1E08}
		{499AEE7D-C755-4857-ACB9-E9CAACBFEF44} = {8FBC57D5-123E-409A-91AB-10A0FDAD1E08}
		{D2858059-4F8B-44D8-8915-843B6F61E962} = {8FBC57D5-123E-409A-91AB-10A0FDAD1E08}
		{8A3E419F-DCC3-47A3-AB4E-6908BB4DA896} = {8FBC57D5-123E-409A-91AB-10A0FDAD1E08}
		{A212CAD1-9F7A-4CE5-A9CB-123C506F2FB3} = {F679E7BC-4492-4F10-A123-F2740F4EAC2B}
		{90658630-BAAF-4B33-8189-D6B6DE86A974} = {F679E7BC-4492-4F10-A123-F2740F4EAC2B}
		{7FAD9BB7-8154-402C-9826-95CDF53BB770} = {CAB6A6E6-815C-4609-96EC-23FEC8A48B4C}
	EndGlobalSection
EndGlobal
